// !$*UTF8*$!
{
	archiveVersion = 1;
	classes = {
	};
	objectVersion = 46;
	objects = {

/* Begin PBXBuildFile section */
		A2B5BA341E56149C00714BA8 /* AppDelegate.swift in Sources */ = {isa = PBXBuildFile; fileRef = A2B5BA331E56149C00714BA8 /* AppDelegate.swift */; };
		A2B5BA361E56149C00714BA8 /* ViewController.swift in Sources */ = {isa = PBXBuildFile; fileRef = A2B5BA351E56149C00714BA8 /* ViewController.swift */; };
		A2B5BA391E56149C00714BA8 /* Main.storyboard in Resources */ = {isa = PBXBuildFile; fileRef = A2B5BA371E56149C00714BA8 /* Main.storyboard */; };
		A2B5BA3B1E56149C00714BA8 /* Assets.xcassets in Resources */ = {isa = PBXBuildFile; fileRef = A2B5BA3A1E56149C00714BA8 /* Assets.xcassets */; };
		A2B5BA3E1E56149C00714BA8 /* LaunchScreen.storyboard in Resources */ = {isa = PBXBuildFile; fileRef = A2B5BA3C1E56149C00714BA8 /* LaunchScreen.storyboard */; };
/* End PBXBuildFile section */

/* Begin PBXFileReference section */
		A2B5BA301E56149C00714BA8 /* EVA_1RA_PRACTICA_2.app */ = {isa = PBXFileReference; explicitFileType = wrapper.application; includeInIndex = 0; path = EVA_1RA_PRACTICA_2.app; sourceTree = BUILT_PRODUCTS_DIR; };
		A2B5BA331E56149C00714BA8 /* AppDelegate.swift */ = {isa = PBXFileReference; lastKnownFileType = sourcecode.swift; path = AppDelegate.swift; sourceTree = "<group>"; };
		A2B5BA351E56149C00714BA8 /* ViewController.swift */ = {isa = PBXFileReference; lastKnownFileType = sourcecode.swift; path = ViewController.swift; sourceTree = "<group>"; };
		A2B5BA381E56149C00714BA8 /* Base */ = {isa = PBXFileReference; lastKnownFileType = file.storyboard; name = Base; path = Base.lproj/Main.storyboard; sourceTree = "<group>"; };
		A2B5BA3A1E56149C00714BA8 /* Assets.xcassets */ = {isa = PBXFileReference; lastKnownFileType = folder.assetcatalog; path = Assets.xcassets; sourceTree = "<group>"; };
		A2B5BA3D1E56149C00714BA8 /* Base */ = {isa = PBXFileReference; lastKnownFileType = file.storyboard; name = Base; path = Base.lproj/LaunchScreen.storyboard; sourceTree = "<group>"; };
		A2B5BA3F1E56149C00714BA8 /* Info.plist */ = {isa = PBXFileReference; lastKnownFileType = text.plist.xml; path = Info.plist; sourceTree = "<group>"; };
/* End PBXFileReference section */

/* Begin PBXFrameworksBuildPhase section */
		A2B5BA2D1E56149C00714BA8 /* Frameworks */ = {
			isa = PBXFrameworksBuildPhase;
			buildActionMask = 2147483647;
			files = (
			);
			runOnlyForDeploymentPostprocessing = 0;
		};
/* End PBXFrameworksBuildPhase section */

/* Begin PBXGroup section */
		A2B5BA271E56149B00714BA8 = {
			isa = PBXGroup;
			children = (
				A2B5BA321E56149C00714BA8 /* EVA_1RA_PRACTICA_2 */,
				A2B5BA311E56149C00714BA8 /* Products */,
			);
			sourceTree = "<group>";
		};
		A2B5BA311E56149C00714BA8 /* Products */ = {
			isa = PBXGroup;
			children = (
				A2B5BA301E56149C00714BA8 /* EVA_1RA_PRACTICA_2.app */,
			);
			name = Products;
			sourceTree = "<group>";
		};
		A2B5BA321E56149C00714BA8 /* EVA_1RA_PRACTICA_2 */ = {
			isa = PBXGroup;
			children = (
				A2B5BA331E56149C00714BA8 /* AppDelegate.swift */,
				A2B5BA351E56149C00714BA8 /* ViewController.swift */,
				A2B5BA371E56149C00714BA8 /* Main.storyboard */,
				A2B5BA3A1E56149C00714BA8 /* Assets.xcassets */,
				A2B5BA3C1E56149C00714BA8 /* LaunchScreen.storyboard */,
				A2B5BA3F1E56149C00714BA8 /* Info.plist */,
			);
			path = EVA_1RA_PRACTICA_2;
			sourceTree = "<group>";
		};
/* End PBXGroup section */

/* Begin PBXNativeTarget section */
		A2B5BA2F1E56149C00714BA8 /* EVA_1RA_PRACTICA_2 */ = {
			isa = PBXNativeTarget;
			buildConfigurationList = A2B5BA421E56149C00714BA8 /* Build configuration list for PBXNativeTarget "EVA_1RA_PRACTICA_2" */;
			buildPhases = (
				A2B5BA2C1E56149C00714BA8 /* Sources */,
				A2B5BA2D1E56149C00714BA8 /* Frameworks */,
				A2B5BA2E1E56149C00714BA8 /* Resources */,
			);
			buildRules = (
			);
			dependencies = (
			);
			name = EVA_1RA_PRACTICA_2;
			productName = EVA_1RA_PRACTICA_2;
			productReference = A2B5BA301E56149C00714BA8 /* EVA_1RA_PRACTICA_2.app */;
			productType = "com.apple.product-type.application";
		};
/* End PBXNativeTarget section */

/* Begin PBXProject section */
		A2B5BA281E56149B00714BA8 /* Project object */ = {
			isa = PBXProject;
			attributes = {
				LastUpgradeCheck = 0700;
				ORGANIZATIONNAME = comdanelly;
				TargetAttributes = {
					A2B5BA2F1E56149C00714BA8 = {
						CreatedOnToolsVersion = 7.0;
					};
				};
			};
			buildConfigurationList = A2B5BA2B1E56149B00714BA8 /* Build configuration list for PBXProject "EVA_1RA_PRACTICA_2" */;
			compatibilityVersion = "Xcode 3.2";
			developmentRegion = English;
			hasScannedForEncodings = 0;
			knownRegions = (
				en,
				Base,
			);
			mainGroup = A2B5BA271E56149B00714BA8;
			productRefGroup = A2B5BA311E56149C00714BA8 /* Products */;
			projectDirPath = "";
			projectRoot = "";
			targets = (
				A2B5BA2F1E56149C00714BA8 /* EVA_1RA_PRACTICA_2 */,
			);
		};
/* End PBXProject section */

/* Begin PBXResourcesBuildPhase section */
		A2B5BA2E1E56149C00714BA8 /* Resources */ = {
			isa = PBXResourcesBuildPhase;
			buildActionMask = 2147483647;
			files = (
				A2B5BA3E1E56149C00714BA8 /* LaunchScreen.storyboard in Resources */,
				A2B5BA3B1E56149C00714BA8 /* Assets.xcassets in Resources */,
				A2B5BA391E56149C00714BA8 /* Main.storyboard in Resources */,
			);
			runOnlyForDeploymentPostprocessing = 0;
		};
/* End PBXResourcesBuildPhase section */

/* Begin PBXSourcesBuildPhase section */
		A2B5BA2C1E56149C00714BA8 /* Sources */ = {
			isa = PBXSourcesBuildPhase;
			buildActionMask = 2147483647;
			files = (
				A2B5BA361E56149C00714BA8 /* ViewController.swift in Sources */,
				A2B5BA341E56149C00714BA8 /* AppDelegate.swift in Sources */,
			);
			runOnlyForDeploymentPostprocessing = 0;
		};
/* End PBXSourcesBuildPhase section */

/* Begin PBXVariantGroup section */
		A2B5BA371E56149C00714BA8 /* Main.storyboard */ = {
			isa = PBXVariantGroup;
			children = (
				A2B5BA381E56149C00714BA8 /* Base */,
			);
			name = Main.storyboard;
			sourceTree = "<group>";
		};
		A2B5BA3C1E56149C00714BA8 /* LaunchScreen.storyboard */ = {
			isa = PBXVariantGroup;
			children = (
				A2B5BA3D1E56149C00714BA8 /* Base */,
			);
			name = LaunchScreen.storyboard;
			sourceTree = "<group>";
		};
/* End PBXVariantGroup section */

/* Begin XCBuildConfiguration section */
		A2B5BA401E56149C00714BA8 /* Debug */ = {
			isa = XCBuildConfiguration;
			buildSettings = {
				ALWAYS_SEARCH_USER_PATHS = NO;
				CLANG_CXX_LANGUAGE_STANDARD = "gnu++0x";
				CLANG_CXX_LIBRARY = "libc++";
				CLANG_ENABLE_MODULES = YES;
				CLANG_ENABLE_OBJC_ARC = YES;
				CLANG_WARN_BOOL_CONVERSION = YES;
				CLANG_WARN_CONSTANT_CONVERSION = YES;
				CLANG_WARN_DIRECT_OBJC_ISA_USAGE = YES_ERROR;
				CLANG_WARN_EMPTY_BODY = YES;
				CLANG_WARN_ENUM_CONVERSION = YES;
				CLANG_WARN_INT_CONVERSION = YES;
				CLANG_WARN_OBJC_ROOT_CLASS = YES_ERROR;
				CLANG_WARN_UNREACHABLE_CODE = YES;
				CLANG_WARN__DUPLICATE_METHOD_MATCH = YES;
				"CODE_SIGN_IDENTITY[sdk=iphoneos*]" = "iPhone Developer";
				COPY_PHASE_STRIP = NO;
				DEBUG_INFORMATION_FORMAT = dwarf;
				ENABLE_STRICT_OBJC_MSGSEND = YES;
				ENABLE_TESTABILITY = YES;
				GCC_C_LANGUAGE_STANDARD = gnu99;
				GCC_DYNAMIC_NO_PIC = NO;
				GCC_NO_COMMON_BLOCKS = YES;
				GCC_OPTIMIZATION_LEVEL = 0;
				GCC_PREPROCESSOR_DEFINITIONS = (
					"DEBUG=1",
					"$(inherited)",
				);
				GCC_WARN_64_TO_32_BIT_CONVERSION = YES;
				GCC_WARN_ABOUT_RETURN_TYPE = YES_ERROR;
				GCC_WARN_UNDECLARED_SELECTOR = YES;
				GCC_WARN_UNINITIALIZED_AUTOS = YES_AGGRESSIVE;
				GCC_WARN_UNUSED_FUNCTION = YES;
				GCC_WARN_UNUSED_VARIABLE = YES;
				IPHONEOS_DEPLOYMENT_TARGET = 9.0;
				MTL_ENABLE_DEBUG_INFO = YES;
				ONLY_ACTIVE_ARCH = YES;
				SDKROOT = iphoneos;
				SWIFT_OPTIMIZATION_LEVEL = "-Onone";
				TARGETED_DEVICE_FAMILY = "1,2";
			};
			name = Debug;
		};
		A2B5BA411E56149C00714BA8 /* Release */ = {
			isa = XCBuildConfiguration;
			buildSettings = {
				ALWAYS_SEARCH_USER_PATHS = NO;
				CLANG_CXX_LANGUAGE_STANDARD = "gnu++0x";
				CLANG_CXX_LIBRARY = "libc++";
				CLANG_ENABLE_MODULES = YES;
				CLANG_ENABLE_OBJC_ARC = YES;
				CLANG_WARN_BOOL_CONVERSION = YES;
				CLANG_WARN_CONSTANT_CONVERSION = YES;
				CLANG_WARN_DIRECT_OBJC_ISA_USAGE = YES_ERROR;
				CLANG_WARN_EMPTY_BODY = YES;
				CLANG_WARN_ENUM_CONVERSION = YES;
				CLANG_WARN_INT_CONVERSION = YES;
				CLANG_WARN_OBJC_ROOT_CLASS = YES_ERROR;
				CLANG_WARN_UNREACHABLE_CODE = YES;
				CLANG_WARN__DUPLICATE_METHOD_MATCH = YES;
				"CODE_SIGN_IDENTITY[sdk=iphoneos*]" = "iPhone Developer";
				COPY_PHASE_STRIP = NO;
				DEBUG_INFORMATION_FORMAT = "dwarf-with-dsym";
				ENABLE_NS_ASSERTIONS = NO;
				ENABLE_STRICT_OBJC_MSGSEND = YES;
				GCC_C_LANGUAGE_STANDARD = gnu99;
				GCC_NO_COMMON_BLOCKS = YES;
				GCC_WARN_64_TO_32_BIT_CONVERSION = YES;
				GCC_WARN_ABOUT_RETURN_TYPE = YES_ERROR;
				GCC_WARN_UNDECLARED_SELECTOR = YES;
				GCC_WARN_UNINITIALIZED_AUTOS = YES_AGGRESSIVE;
				GCC_WARN_UNUSED_FUNCTION = YES;
				GCC_WARN_UNUSED_VARIABLE = YES;
				IPHONEOS_DEPLOYMENT_TARGET = 9.0;
				MTL_ENABLE_DEBUG_INFO = NO;
				SDKROOT = iphoneos;
				TARGETED_DEVICE_FAMILY = "1,2";
				VALIDATE_PRODUCT = YES;
			};
			name = Release;
		};
		A2B5BA431E56149C00714BA8 /* Debug */ = {
			isa = XCBuildConfiguration;
			buildSettings = {
				ASSETCATALOG_COMPILER_APPICON_NAME = AppIcon;
				INFOPLIST_FILE = EVA_1RA_PRACTICA_2/Info.plist;
				LD_RUNPATH_SEARCH_PATHS = "$(inherited) @executable_path/Frameworks";
				PRODUCT_BUNDLE_IDENTIFIER = "comdanelly.EVA-1RA-PRACTICA-2";
				PRODUCT_NAME = "$(TARGET_NAME)";
			};
			name = Debug;
		};
		A2B5BA441E56149C00714BA8 /* Release */ = {
			isa = XCBuildConfiguration;
			buildSettings = {
				ASSETCATALOG_COMPILER_APPICON_NAME = AppIcon;
				INFOPLIST_FILE = EVA_1RA_PRACTICA_2/Info.plist;
				LD_RUNPATH_SEARCH_PATHS = "$(inherited) @executable_path/Frameworks";
				PRODUCT_BUNDLE_IDENTIFIER = "comdanelly.EVA-1RA-PRACTICA-2";
				PRODUCT_NAME = "$(TARGET_NAME)";
			};
			name = Release;
		};
/* End XCBuildConfiguration section */

/* Begin XCConfigurationList section */
		A2B5BA2B1E56149B00714BA8 /* Build configuration list for PBXProject "EVA_1RA_PRACTICA_2" */ = {
			isa = XCConfigurationList;
			buildConfigurations = (
				A2B5BA401E56149C00714BA8 /* Debug */,
				A2B5BA411E56149C00714BA8 /* Release */,
			);
			defaultConfigurationIsVisible = 0;
			defaultConfigurationName = Release;
		};
		A2B5BA421E56149C00714BA8 /* Build configuration list for PBXNativeTarget "EVA_1RA_PRACTICA_2" */ = {
			isa = XCConfigurationList;
			buildConfigurations = (
				A2B5BA431E56149C00714BA8 /* Debug */,
				A2B5BA441E56149C00714BA8 /* Release */,
			);
			defaultConfigurationIsVisible = 0;
		};
/* End XCConfigurationList section */
	};
	rootObject = A2B5BA281E56149B00714BA8 /* Project object */;
}
